
Microsoft Visual Studio Solution File, Format Version 12.00
# Visual Studio Version 16
VisualStudioVersion = 16.0.29418.71
MinimumVisualStudioVersion = 10.0.40219.1
Project("{FAE04EC0-301F-11D3-BF4B-00C04F79EFBC}") = "VacanzeTepsit", "VacanzeTepsit\VacanzeTepsit.csproj", "{8D35E43E-064A-4B58-9D5D-A09CA66250D5}"
EndProject
Global
	GlobalSection(SolutionConfigurationPlatforms) = preSolution
		Debug|Any CPU = Debug|Any CPU
		Release|Any CPU = Release|Any CPU
	EndGlobalSection
	GlobalSection(ProjectConfigurationPlatforms) = postSolution
		{8D35E43E-064A-4B58-9D5D-A09CA66250D5}.Debug|Any CPU.ActiveCfg = Debug|Any CPU
		{8D35E43E-064A-4B58-9D5D-A09CA66250D5}.Debug|Any CPU.Build.0 = Debug|Any CPU
		{8D35E43E-064A-4B58-9D5D-A09CA66250D5}.Release|Any CPU.ActiveCfg = Release|Any CPU
		{8D35E43E-064A-4B58-9D5D-A09CA66250D5}.Release|Any CPU.Build.0 = Release|Any CPU
	EndGlobalSection
	GlobalSection(SolutionProperties) = preSolution
		HideSolutionNode = FALSE
	EndGlobalSection
	GlobalSection(ExtensibilityGlobals) = postSolution
		SolutionGuid = {471EE2F8-971B-4619-B844-E37D9F8873EB}
	EndGlobalSection
EndGlobal
